
Microsoft Visual Studio Solution File, Format Version 12.00
# Visual Studio 15
VisualStudioVersion = 15.0.28307.1022
MinimumVisualStudioVersion = 10.0.40219.1
Project("{FAE04EC0-301F-11D3-BF4B-00C04F79EFBC}") = "NET-TutorialProject", "NET-TutorialProject\NET-TutorialProject.csproj", "{9729BA15-F3B5-4279-A73F-5C471627C480}"
EndProject
Global
	GlobalSection(SolutionConfigurationPlatforms) = preSolution
		Debug|Any CPU = Debug|Any CPU
		Release|Any CPU = Release|Any CPU
	EndGlobalSection
	GlobalSection(ProjectConfigurationPlatforms) = postSolution
		{9729BA15-F3B5-4279-A73F-5C471627C480}.Debug|Any CPU.ActiveCfg = Debug|Any CPU
		{9729BA15-F3B5-4279-A73F-5C471627C480}.Debug|Any CPU.Build.0 = Debug|Any CPU
		{9729BA15-F3B5-4279-A73F-5C471627C480}.Release|Any CPU.ActiveCfg = Release|Any CPU
		{9729BA15-F3B5-4279-A73F-5C471627C480}.Release|Any CPU.Build.0 = Release|Any CPU
	EndGlobalSection
	GlobalSection(SolutionProperties) = preSolution
		HideSolutionNode = FALSE
	EndGlobalSection
	GlobalSection(ExtensibilityGlobals) = postSolution
		SolutionGuid = {D2BBC48E-FFEB-49B6-9104-348287AD089B}
	EndGlobalSection
EndGlobal
